
Microsoft Visual Studio Solution File, Format Version 12.00
# Visual Studio Version 16
VisualStudioVersion = 16.0.32802.440
MinimumVisualStudioVersion = 10.0.40219.1
Project("{9A19103F-16F7-4668-BE54-9A1E7A4F7556}") = "PdfRepresentation", "PdfRepresentation\PdfRepresentation.csproj", "{B95351F7-E260-4D9D-B07F-47A441E5C8DE}"
EndProject
Project("{9A19103F-16F7-4668-BE54-9A1E7A4F7556}") = "PdfRepresentation.Client", "PdfRepresentation.Client\PdfRepresentation.Client.csproj", "{B9F5F54F-11B5-404B-B2B0-305ED994B6F1}"
EndProject
Project("{9A19103F-16F7-4668-BE54-9A1E7A4F7556}") = "PdfRepresentation.Server", "PdfRepresentation.Server\PdfRepresentation.Server.csproj", "{F05D3AAA-CA24-49DD-9A62-4FD6DE0F1F39}"
EndProject
Project("{9A19103F-16F7-4668-BE54-9A1E7A4F7556}") = "PdfRepresentation.Test", "PdfRepresentation.Test\PdfRepresentation.Test.csproj", "{703E2E34-6BCA-4CC0-94E8-688FCEF3E9CA}"
EndProject
Project("{2150E333-8FDC-42A3-9474-1A3956D46DE8}") = "Tests", "Tests", "{E94884F9-C3C6-4660-9364-EB347160D801}"
EndProject
Project("{2150E333-8FDC-42A3-9474-1A3956D46DE8}") = "Web", "Web", "{7B626620-47CD-40EA-B75D-4727BFA284EA}"
EndProject
Project("{2150E333-8FDC-42A3-9474-1A3956D46DE8}") = "Libraries", "Libraries", "{B9BEA165-E5B8-4DD7-9EE7-0C54C4289198}"
EndProject
Project("{2150E333-8FDC-42A3-9474-1A3956D46DE8}") = "Solution Items", "Solution Items", "{88DECE07-2916-4AC2-984D-6C98B574FF4D}"
	ProjectSection(SolutionItems) = preProject
		Build.Debug.bat = Build.Debug.bat
		NuGet.config = NuGet.config
	EndProjectSection
EndProject
Global
	GlobalSection(SolutionConfigurationPlatforms) = preSolution
		Debug|Any CPU = Debug|Any CPU
		Release|Any CPU = Release|Any CPU
	EndGlobalSection
	GlobalSection(ProjectConfigurationPlatforms) = postSolution
		{B95351F7-E260-4D9D-B07F-47A441E5C8DE}.Debug|Any CPU.ActiveCfg = Debug|Any CPU
		{B95351F7-E260-4D9D-B07F-47A441E5C8DE}.Debug|Any CPU.Build.0 = Debug|Any CPU
		{B95351F7-E260-4D9D-B07F-47A441E5C8DE}.Release|Any CPU.ActiveCfg = Release|Any CPU
		{B95351F7-E260-4D9D-B07F-47A441E5C8DE}.Release|Any CPU.Build.0 = Release|Any CPU
		{B9F5F54F-11B5-404B-B2B0-305ED994B6F1}.Debug|Any CPU.ActiveCfg = Debug|Any CPU
		{B9F5F54F-11B5-404B-B2B0-305ED994B6F1}.Debug|Any CPU.Build.0 = Debug|Any CPU
		{B9F5F54F-11B5-404B-B2B0-305ED994B6F1}.Release|Any CPU.ActiveCfg = Release|Any CPU
		{B9F5F54F-11B5-404B-B2B0-305ED994B6F1}.Release|Any CPU.Build.0 = Release|Any CPU
		{F05D3AAA-CA24-49DD-9A62-4FD6DE0F1F39}.Debug|Any CPU.ActiveCfg = Debug|Any CPU
		{F05D3AAA-CA24-49DD-9A62-4FD6DE0F1F39}.Debug|Any CPU.Build.0 = Debug|Any CPU
		{F05D3AAA-CA24-49DD-9A62-4FD6DE0F1F39}.Release|Any CPU.ActiveCfg = Release|Any CPU
		{F05D3AAA-CA24-49DD-9A62-4FD6DE0F1F39}.Release|Any CPU.Build.0 = Release|Any CPU
		{703E2E34-6BCA-4CC0-94E8-688FCEF3E9CA}.Debug|Any CPU.ActiveCfg = Debug|Any CPU
		{703E2E34-6BCA-4CC0-94E8-688FCEF3E9CA}.Debug|Any CPU.Build.0 = Debug|Any CPU
		{703E2E34-6BCA-4CC0-94E8-688FCEF3E9CA}.Release|Any CPU.ActiveCfg = Release|Any CPU
		{703E2E34-6BCA-4CC0-94E8-688FCEF3E9CA}.Release|Any CPU.Build.0 = Release|Any CPU
	EndGlobalSection
	GlobalSection(SolutionProperties) = preSolution
		HideSolutionNode = FALSE
	EndGlobalSection
	GlobalSection(NestedProjects) = preSolution
		{B95351F7-E260-4D9D-B07F-47A441E5C8DE} = {B9BEA165-E5B8-4DD7-9EE7-0C54C4289198}
		{B9F5F54F-11B5-404B-B2B0-305ED994B6F1} = {7B626620-47CD-40EA-B75D-4727BFA284EA}
		{F05D3AAA-CA24-49DD-9A62-4FD6DE0F1F39} = {7B626620-47CD-40EA-B75D-4727BFA284EA}
		{703E2E34-6BCA-4CC0-94E8-688FCEF3E9CA} = {E94884F9-C3C6-4660-9364-EB347160D801}
	EndGlobalSection
	GlobalSection(ExtensibilityGlobals) = postSolution
		SolutionGuid = {A178A082-E0AC-4B93-B734-0F6CFC7AD795}
	EndGlobalSection
EndGlobal
